
Microsoft Visual Studio Solution File, Format Version 12.00
# Visual Studio 2012
Project("{FAE04EC0-301F-11D3-BF4B-00C04F79EFBC}") = "Conexion", "Proyecto a 3 capas miscelánea MAFE (Correción)\Conexion.csproj", "{4D21F926-638D-4415-9396-82194F4A2293}"
EndProject
Project("{FAE04EC0-301F-11D3-BF4B-00C04F79EFBC}") = "Logica", "Logica\Logica.csproj", "{21F85DEA-AC01-45BA-8238-8433EBCD0878}"
EndProject
Project("{FAE04EC0-301F-11D3-BF4B-00C04F79EFBC}") = "Presentacion", "Presentacion\Presentacion.csproj", "{162E11AC-1EE7-4C9F-87F8-C4F6F727DBCF}"
EndProject
Global
	GlobalSection(SolutionConfigurationPlatforms) = preSolution
		Debug|Any CPU = Debug|Any CPU
		Release|Any CPU = Release|Any CPU
	EndGlobalSection
	GlobalSection(ProjectConfigurationPlatforms) = postSolution
		{4D21F926-638D-4415-9396-82194F4A2293}.Debug|Any CPU.ActiveCfg = Debug|Any CPU
		{4D21F926-638D-4415-9396-82194F4A2293}.Debug|Any CPU.Build.0 = Debug|Any CPU
		{4D21F926-638D-4415-9396-82194F4A2293}.Release|Any CPU.ActiveCfg = Release|Any CPU
		{4D21F926-638D-4415-9396-82194F4A2293}.Release|Any CPU.Build.0 = Release|Any CPU
		{21F85DEA-AC01-45BA-8238-8433EBCD0878}.Debug|Any CPU.ActiveCfg = Debug|Any CPU
		{21F85DEA-AC01-45BA-8238-8433EBCD0878}.Debug|Any CPU.Build.0 = Debug|Any CPU
		{21F85DEA-AC01-45BA-8238-8433EBCD0878}.Release|Any CPU.ActiveCfg = Release|Any CPU
		{21F85DEA-AC01-45BA-8238-8433EBCD0878}.Release|Any CPU.Build.0 = Release|Any CPU
		{162E11AC-1EE7-4C9F-87F8-C4F6F727DBCF}.Debug|Any CPU.ActiveCfg = Debug|Any CPU
		{162E11AC-1EE7-4C9F-87F8-C4F6F727DBCF}.Debug|Any CPU.Build.0 = Debug|Any CPU
		{162E11AC-1EE7-4C9F-87F8-C4F6F727DBCF}.Release|Any CPU.ActiveCfg = Release|Any CPU
		{162E11AC-1EE7-4C9F-87F8-C4F6F727DBCF}.Release|Any CPU.Build.0 = Release|Any CPU
	EndGlobalSection
	GlobalSection(SolutionProperties) = preSolution
		HideSolutionNode = FALSE
	EndGlobalSection
EndGlobal
